// !$*UTF8*$!
{
	archiveVersion = 1;
	classes = {
	};
	objectVersion = 56;
	objects = {

/* Begin PBXBuildFile section */
		47FC9B98289E501E0084ACD5 /* UI_634App.swift in Sources */ = {isa = PBXBuildFile; fileRef = 47FC9B97289E501E0084ACD5 /* UI_634App.swift */; };
		47FC9B9A289E501E0084ACD5 /* ContentView.swift in Sources */ = {isa = PBXBuildFile; fileRef = 47FC9B99289E501E0084ACD5 /* ContentView.swift */; };
		47FC9B9C289E501F0084ACD5 /* Assets.xcassets in Resources */ = {isa = PBXBuildFile; fileRef = 47FC9B9B289E501F0084ACD5 /* Assets.xcassets */; };
		47FC9B9F289E501F0084ACD5 /* Preview Assets.xcassets in Resources */ = {isa = PBXBuildFile; fileRef = 47FC9B9E289E501F0084ACD5 /* Preview Assets.xcassets */; };
		47FC9BA9289E501F0084ACD5 /* UI_634Tests.swift in Sources */ = {isa = PBXBuildFile; fileRef = 47FC9BA8289E501F0084ACD5 /* UI_634Tests.swift */; };
		47FC9BB3289E501F0084ACD5 /* UI_634UITests.swift in Sources */ = {isa = PBXBuildFile; fileRef = 47FC9BB2289E501F0084ACD5 /* UI_634UITests.swift */; };
		47FC9BB5289E501F0084ACD5 /* UI_634UITestsLaunchTests.swift in Sources */ = {isa = PBXBuildFile; fileRef = 47FC9BB4289E501F0084ACD5 /* UI_634UITestsLaunchTests.swift */; };
		47FC9BC4289E50630084ACD5 /* GabrielaStencil-Light.ttf in Resources */ = {isa = PBXBuildFile; fileRef = 47FC9BC2289E50630084ACD5 /* GabrielaStencil-Light.ttf */; };
		47FC9BC5289E50630084ACD5 /* GabrielaStencil-Bold.ttf in Resources */ = {isa = PBXBuildFile; fileRef = 47FC9BC3289E50630084ACD5 /* GabrielaStencil-Bold.ttf */; };
		47FC9BC9289E51270084ACD5 /* Home.swift in Sources */ = {isa = PBXBuildFile; fileRef = 47FC9BC8289E51270084ACD5 /* Home.swift */; };
		47FC9BCD289E51590084ACD5 /* Place.swift in Sources */ = {isa = PBXBuildFile; fileRef = 47FC9BCC289E51590084ACD5 /* Place.swift */; };
		47FC9BCF289E53D20084ACD5 /* MotionManager.swift in Sources */ = {isa = PBXBuildFile; fileRef = 47FC9BCE289E53D20084ACD5 /* MotionManager.swift */; };
/* End PBXBuildFile section */

/* Begin PBXContainerItemProxy section */
		47FC9BA5289E501F0084ACD5 /* PBXContainerItemProxy */ = {
			isa = PBXContainerItemProxy;
			containerPortal = 47FC9B8C289E501E0084ACD5 /* Project object */;
			proxyType = 1;
			remoteGlobalIDString = 47FC9B93289E501E0084ACD5;
			remoteInfo = "UI-634";
		};
		47FC9BAF289E501F0084ACD5 /* PBXContainerItemProxy */ = {
			isa = PBXContainerItemProxy;
			containerPortal = 47FC9B8C289E501E0084ACD5 /* Project object */;
			proxyType = 1;
			remoteGlobalIDString = 47FC9B93289E501E0084ACD5;
			remoteInfo = "UI-634";
		};
/* End PBXContainerItemProxy section */

/* Begin PBXFileReference section */
		47FC9B94289E501E0084ACD5 /* UI-634.app */ = {isa = PBXFileReference; explicitFileType = wrapper.application; includeInIndex = 0; path = "UI-634.app"; sourceTree = BUILT_PRODUCTS_DIR; };
		47FC9B97289E501E0084ACD5 /* UI_634App.swift */ = {isa = PBXFileReference; lastKnownFileType = sourcecode.swift; path = UI_634App.swift; sourceTree = "<group>"; };
		47FC9B99289E501E0084ACD5 /* ContentView.swift */ = {isa = PBXFileReference; lastKnownFileType = sourcecode.swift; path = ContentView.swift; sourceTree = "<group>"; };
		47FC9B9B289E501F0084ACD5 /* Assets.xcassets */ = {isa = PBXFileReference; lastKnownFileType = folder.assetcatalog; path = Assets.xcassets; sourceTree = "<group>"; };
		47FC9B9E289E501F0084ACD5 /* Preview Assets.xcassets */ = {isa = PBXFileReference; lastKnownFileType = folder.assetcatalog; path = "Preview Assets.xcassets"; sourceTree = "<group>"; };
		47FC9BA4289E501F0084ACD5 /* UI-634Tests.xctest */ = {isa = PBXFileReference; explicitFileType = wrapper.cfbundle; includeInIndex = 0; path = "UI-634Tests.xctest"; sourceTree = BUILT_PRODUCTS_DIR; };
		47FC9BA8289E501F0084ACD5 /* UI_634Tests.swift */ = {isa = PBXFileReference; lastKnownFileType = sourcecode.swift; path = UI_634Tests.swift; sourceTree = "<group>"; };
		47FC9BAE289E501F0084ACD5 /* UI-634UITests.xctest */ = {isa = PBXFileReference; explicitFileType = wrapper.cfbundle; includeInIndex = 0; path = "UI-634UITests.xctest"; sourceTree = BUILT_PRODUCTS_DIR; };
		47FC9BB2289E501F0084ACD5 /* UI_634UITests.swift */ = {isa = PBXFileReference; lastKnownFileType = sourcecode.swift; path = UI_634UITests.swift; sourceTree = "<group>"; };
		47FC9BB4289E501F0084ACD5 /* UI_634UITestsLaunchTests.swift */ = {isa = PBXFileReference; lastKnownFileType = sourcecode.swift; path = UI_634UITestsLaunchTests.swift; sourceTree = "<group>"; };
		47FC9BC2289E50630084ACD5 /* GabrielaStencil-Light.ttf */ = {isa = PBXFileReference; lastKnownFileType = file; path = "GabrielaStencil-Light.ttf"; sourceTree = "<group>"; };
		47FC9BC3289E50630084ACD5 /* GabrielaStencil-Bold.ttf */ = {isa = PBXFileReference; lastKnownFileType = file; path = "GabrielaStencil-Bold.ttf"; sourceTree = "<group>"; };
		47FC9BC6289E50850084ACD5 /* Info.plist */ = {isa = PBXFileReference; lastKnownFileType = text.plist; path = Info.plist; sourceTree = "<group>"; };
		47FC9BC8289E51270084ACD5 /* Home.swift */ = {isa = PBXFileReference; lastKnownFileType = sourcecode.swift; path = Home.swift; sourceTree = "<group>"; };
		47FC9BCC289E51590084ACD5 /* Place.swift */ = {isa = PBXFileReference; lastKnownFileType = sourcecode.swift; path = Place.swift; sourceTree = "<group>"; };
		47FC9BCE289E53D20084ACD5 /* MotionManager.swift */ = {isa = PBXFileReference; lastKnownFileType = sourcecode.swift; path = MotionManager.swift; sourceTree = "<group>"; };
/* End PBXFileReference section */

/* Begin PBXFrameworksBuildPhase section */
		47FC9B91289E501E0084ACD5 /* Frameworks */ = {
			isa = PBXFrameworksBuildPhase;
			buildActionMask = 2147483647;
			files = (
			);
			runOnlyForDeploymentPostprocessing = 0;
		};
		47FC9BA1289E501F0084ACD5 /* Frameworks */ = {
			isa = PBXFrameworksBuildPhase;
			buildActionMask = 2147483647;
			files = (
			);
			runOnlyForDeploymentPostprocessing = 0;
		};
		47FC9BAB289E501F0084ACD5 /* Frameworks */ = {
			isa = PBXFrameworksBuildPhase;
			buildActionMask = 2147483647;
			files = (
			);
			runOnlyForDeploymentPostprocessing = 0;
		};
/* End PBXFrameworksBuildPhase section */

/* Begin PBXGroup section */
		47FC9B8B289E501E0084ACD5 = {
			isa = PBXGroup;
			children = (
				47FC9B96289E501E0084ACD5 /* UI-634 */,
				47FC9BA7289E501F0084ACD5 /* UI-634Tests */,
				47FC9BB1289E501F0084ACD5 /* UI-634UITests */,
				47FC9B95289E501E0084ACD5 /* Products */,
			);
			sourceTree = "<group>";
		};
		47FC9B95289E501E0084ACD5 /* Products */ = {
			isa = PBXGroup;
			children = (
				47FC9B94289E501E0084ACD5 /* UI-634.app */,
				47FC9BA4289E501F0084ACD5 /* UI-634Tests.xctest */,
				47FC9BAE289E501F0084ACD5 /* UI-634UITests.xctest */,
			);
			name = Products;
			sourceTree = "<group>";
		};
		47FC9B96289E501E0084ACD5 /* UI-634 */ = {
			isa = PBXGroup;
			children = (
				47FC9BCB289E512D0084ACD5 /* ViewModel */,
				47FC9BCA289E51290084ACD5 /* Model */,
				47FC9BC7289E51220084ACD5 /* View */,
				47FC9BC6289E50850084ACD5 /* Info.plist */,
				47FC9BC1289E50630084ACD5 /* Fonts */,
				47FC9B97289E501E0084ACD5 /* UI_634App.swift */,
				47FC9B99289E501E0084ACD5 /* ContentView.swift */,
				47FC9B9B289E501F0084ACD5 /* Assets.xcassets */,
				47FC9B9D289E501F0084ACD5 /* Preview Content */,
			);
			path = "UI-634";
			sourceTree = "<group>";
		};
		47FC9B9D289E501F0084ACD5 /* Preview Content */ = {
			isa = PBXGroup;
			children = (
				47FC9B9E289E501F0084ACD5 /* Preview Assets.xcassets */,
			);
			path = "Preview Content";
			sourceTree = "<group>";
		};
		47FC9BA7289E501F0084ACD5 /* UI-634Tests */ = {
			isa = PBXGroup;
			children = (
				47FC9BA8289E501F0084ACD5 /* UI_634Tests.swift */,
			);
			path = "UI-634Tests";
			sourceTree = "<group>";
		};
		47FC9BB1289E501F0084ACD5 /* UI-634UITests */ = {
			isa = PBXGroup;
			children = (
				47FC9BB2289E501F0084ACD5 /* UI_634UITests.swift */,
				47FC9BB4289E501F0084ACD5 /* UI_634UITestsLaunchTests.swift */,
			);
			path = "UI-634UITests";
			sourceTree = "<group>";
		};
		47FC9BC1289E50630084ACD5 /* Fonts */ = {
			isa = PBXGroup;
			children = (
				47FC9BC2289E50630084ACD5 /* GabrielaStencil-Light.ttf */,
				47FC9BC3289E50630084ACD5 /* GabrielaStencil-Bold.ttf */,
			);
			path = Fonts;
			sourceTree = "<group>";
		};
		47FC9BC7289E51220084ACD5 /* View */ = {
			isa = PBXGroup;
			children = (
				47FC9BC8289E51270084ACD5 /* Home.swift */,
			);
			path = View;
			sourceTree = "<group>";
		};
		47FC9BCA289E51290084ACD5 /* Model */ = {
			isa = PBXGroup;
			children = (
				47FC9BCC289E51590084ACD5 /* Place.swift */,
			);
			path = Model;
			sourceTree = "<group>";
		};
		47FC9BCB289E512D0084ACD5 /* ViewModel */ = {
			isa = PBXGroup;
			children = (
				47FC9BCE289E53D20084ACD5 /* MotionManager.swift */,
			);
			path = ViewModel;
			sourceTree = "<group>";
		};
/* End PBXGroup section */

/* Begin PBXNativeTarget section */
		47FC9B93289E501E0084ACD5 /* UI-634 */ = {
			isa = PBXNativeTarget;
			buildConfigurationList = 47FC9BB8289E501F0084ACD5 /* Build configuration list for PBXNativeTarget "UI-634" */;
			buildPhases = (
				47FC9B90289E501E0084ACD5 /* Sources */,
				47FC9B91289E501E0084ACD5 /* Frameworks */,
				47FC9B92289E501E0084ACD5 /* Resources */,
			);
			buildRules = (
			);
			dependencies = (
			);
			name = "UI-634";
			productName = "UI-634";
			productReference = 47FC9B94289E501E0084ACD5 /* UI-634.app */;
			productType = "com.apple.product-type.application";
		};
		47FC9BA3289E501F0084ACD5 /* UI-634Tests */ = {
			isa = PBXNativeTarget;
			buildConfigurationList = 47FC9BBB289E501F0084ACD5 /* Build configuration list for PBXNativeTarget "UI-634Tests" */;
			buildPhases = (
				47FC9BA0289E501F0084ACD5 /* Sources */,
				47FC9BA1289E501F0084ACD5 /* Frameworks */,
				47FC9BA2289E501F0084ACD5 /* Resources */,
			);
			buildRules = (
			);
			dependencies = (
				47FC9BA6289E501F0084ACD5 /* PBXTargetDependency */,
			);
			name = "UI-634Tests";
			productName = "UI-634Tests";
			productReference = 47FC9BA4289E501F0084ACD5 /* UI-634Tests.xctest */;
			productType = "com.apple.product-type.bundle.unit-test";
		};
		47FC9BAD289E501F0084ACD5 /* UI-634UITests */ = {
			isa = PBXNativeTarget;
			buildConfigurationList = 47FC9BBE289E501F0084ACD5 /* Build configuration list for PBXNativeTarget "UI-634UITests" */;
			buildPhases = (
				47FC9BAA289E501F0084ACD5 /* Sources */,
				47FC9BAB289E501F0084ACD5 /* Frameworks */,
				47FC9BAC289E501F0084ACD5 /* Resources */,
			);
			buildRules = (
			);
			dependencies = (
				47FC9BB0289E501F0084ACD5 /* PBXTargetDependency */,
			);
			name = "UI-634UITests";
			productName = "UI-634UITests";
			productReference = 47FC9BAE289E501F0084ACD5 /* UI-634UITests.xctest */;
			productType = "com.apple.product-type.bundle.ui-testing";
		};
/* End PBXNativeTarget section */

/* Begin PBXProject section */
		47FC9B8C289E501E0084ACD5 /* Project object */ = {
			isa = PBXProject;
			attributes = {
				BuildIndependentTargetsInParallel = 1;
				LastSwiftUpdateCheck = 1400;
				LastUpgradeCheck = 1400;
				TargetAttributes = {
					47FC9B93289E501E0084ACD5 = {
						CreatedOnToolsVersion = 14.0;
					};
					47FC9BA3289E501F0084ACD5 = {
						CreatedOnToolsVersion = 14.0;
						TestTargetID = 47FC9B93289E501E0084ACD5;
					};
					47FC9BAD289E501F0084ACD5 = {
						CreatedOnToolsVersion = 14.0;
						TestTargetID = 47FC9B93289E501E0084ACD5;
					};
				};
			};
			buildConfigurationList = 47FC9B8F289E501E0084ACD5 /* Build configuration list for PBXProject "UI-634" */;
			compatibilityVersion = "Xcode 14.0";
			developmentRegion = en;
			hasScannedForEncodings = 0;
			knownRegions = (
				en,
				Base,
			);
			mainGroup = 47FC9B8B289E501E0084ACD5;
			productRefGroup = 47FC9B95289E501E0084ACD5 /* Products */;
			projectDirPath = "";
			projectRoot = "";
			targets = (
				47FC9B93289E501E0084ACD5 /* UI-634 */,
				47FC9BA3289E501F0084ACD5 /* UI-634Tests */,
				47FC9BAD289E501F0084ACD5 /* UI-634UITests */,
			);
		};
/* End PBXProject section */

/* Begin PBXResourcesBuildPhase section */
		47FC9B92289E501E0084ACD5 /* Resources */ = {
			isa = PBXResourcesBuildPhase;
			buildActionMask = 2147483647;
			files = (
				47FC9B9F289E501F0084ACD5 /* Preview Assets.xcassets in Resources */,
				47FC9BC4289E50630084ACD5 /* GabrielaStencil-Light.ttf in Resources */,
				47FC9B9C289E501F0084ACD5 /* Assets.xcassets in Resources */,
				47FC9BC5289E50630084ACD5 /* GabrielaStencil-Bold.ttf in Resources */,
			);
			runOnlyForDeploymentPostprocessing = 0;
		};
		47FC9BA2289E501F0084ACD5 /* Resources */ = {
			isa = PBXResourcesBuildPhase;
			buildActionMask = 2147483647;
			files = (
			);
			runOnlyForDeploymentPostprocessing = 0;
		};
		47FC9BAC289E501F0084ACD5 /* Resources */ = {
			isa = PBXResourcesBuildPhase;
			buildActionMask = 2147483647;
			files = (
			);
			runOnlyForDeploymentPostprocessing = 0;
		};
/* End PBXResourcesBuildPhase section */

/* Begin PBXSourcesBuildPhase section */
		47FC9B90289E501E0084ACD5 /* Sources */ = {
			isa = PBXSourcesBuildPhase;
			buildActionMask = 2147483647;
			files = (
				47FC9B9A289E501E0084ACD5 /* ContentView.swift in Sources */,
				47FC9BCF289E53D20084ACD5 /* MotionManager.swift in Sources */,
				47FC9BC9289E51270084ACD5 /* Home.swift in Sources */,
				47FC9B98289E501E0084ACD5 /* UI_634App.swift in Sources */,
				47FC9BCD289E51590084ACD5 /* Place.swift in Sources */,
			);
			runOnlyForDeploymentPostprocessing = 0;
		};
		47FC9BA0289E501F0084ACD5 /* Sources */ = {
			isa = PBXSourcesBuildPhase;
			buildActionMask = 2147483647;
			files = (
				47FC9BA9289E501F0084ACD5 /* UI_634Tests.swift in Sources */,
			);
			runOnlyForDeploymentPostprocessing = 0;
		};
		47FC9BAA289E501F0084ACD5 /* Sources */ = {
			isa = PBXSourcesBuildPhase;
			buildActionMask = 2147483647;
			files = (
				47FC9BB5289E501F0084ACD5 /* UI_634UITestsLaunchTests.swift in Sources */,
				47FC9BB3289E501F0084ACD5 /* UI_634UITests.swift in Sources */,
			);
			runOnlyForDeploymentPostprocessing = 0;
		};
/* End PBXSourcesBuildPhase section */

/* Begin PBXTargetDependency section */
		47FC9BA6289E501F0084ACD5 /* PBXTargetDependency */ = {
			isa = PBXTargetDependency;
			target = 47FC9B93289E501E0084ACD5 /* UI-634 */;
			targetProxy = 47FC9BA5289E501F0084ACD5 /* PBXContainerItemProxy */;
		};
		47FC9BB0289E501F0084ACD5 /* PBXTargetDependency */ = {
			isa = PBXTargetDependency;
			target = 47FC9B93289E501E0084ACD5 /* UI-634 */;
			targetProxy = 47FC9BAF289E501F0084ACD5 /* PBXContainerItemProxy */;
		};
/* End PBXTargetDependency section */

/* Begin XCBuildConfiguration section */
		47FC9BB6289E501F0084ACD5 /* Debug */ = {
			isa = XCBuildConfiguration;
			buildSettings = {
				ALWAYS_SEARCH_USER_PATHS = NO;
				CLANG_ANALYZER_NONNULL = YES;
				CLANG_ANALYZER_NUMBER_OBJECT_CONVERSION = YES_AGGRESSIVE;
				CLANG_CXX_LANGUAGE_STANDARD = "gnu++20";
				CLANG_ENABLE_MODULES = YES;
				CLANG_ENABLE_OBJC_ARC = YES;
				CLANG_ENABLE_OBJC_WEAK = YES;
				CLANG_WARN_BLOCK_CAPTURE_AUTORELEASING = YES;
				CLANG_WARN_BOOL_CONVERSION = YES;
				CLANG_WARN_COMMA = YES;
				CLANG_WARN_CONSTANT_CONVERSION = YES;
				CLANG_WARN_DEPRECATED_OBJC_IMPLEMENTATIONS = YES;
				CLANG_WARN_DIRECT_OBJC_ISA_USAGE = YES_ERROR;
				CLANG_WARN_DOCUMENTATION_COMMENTS = YES;
				CLANG_WARN_EMPTY_BODY = YES;
				CLANG_WARN_ENUM_CONVERSION = YES;
				CLANG_WARN_INFINITE_RECURSION = YES;
				CLANG_WARN_INT_CONVERSION = YES;
				CLANG_WARN_NON_LITERAL_NULL_CONVERSION = YES;
				CLANG_WARN_OBJC_IMPLICIT_RETAIN_SELF = YES;
				CLANG_WARN_OBJC_LITERAL_CONVERSION = YES;
				CLANG_WARN_OBJC_ROOT_CLASS = YES_ERROR;
				CLANG_WARN_QUOTED_INCLUDE_IN_FRAMEWORK_HEADER = YES;
				CLANG_WARN_RANGE_LOOP_ANALYSIS = YES;
				CLANG_WARN_STRICT_PROTOTYPES = YES;
				CLANG_WARN_SUSPICIOUS_MOVE = YES;
				CLANG_WARN_UNGUARDED_AVAILABILITY = YES_AGGRESSIVE;
				CLANG_WARN_UNREACHABLE_CODE = YES;
				CLANG_WARN__DUPLICATE_METHOD_MATCH = YES;
				COPY_PHASE_STRIP = NO;
				DEBUG_INFORMATION_FORMAT = dwarf;
				ENABLE_STRICT_OBJC_MSGSEND = YES;
				ENABLE_TESTABILITY = YES;
				GCC_C_LANGUAGE_STANDARD = gnu11;
				GCC_DYNAMIC_NO_PIC = NO;
				GCC_NO_COMMON_BLOCKS = YES;
				GCC_OPTIMIZATION_LEVEL = 0;
				GCC_PREPROCESSOR_DEFINITIONS = (
					"DEBUG=1",
					"$(inherited)",
				);
				GCC_WARN_64_TO_32_BIT_CONVERSION = YES;
				GCC_WARN_ABOUT_RETURN_TYPE = YES_ERROR;
				GCC_WARN_UNDECLARED_SELECTOR = YES;
				GCC_WARN_UNINITIALIZED_AUTOS = YES_AGGRESSIVE;
				GCC_WARN_UNUSED_FUNCTION = YES;
				GCC_WARN_UNUSED_VARIABLE = YES;
				IPHONEOS_DEPLOYMENT_TARGET = 16.0;
				MTL_ENABLE_DEBUG_INFO = INCLUDE_SOURCE;
				MTL_FAST_MATH = YES;
				ONLY_ACTIVE_ARCH = YES;
				SDKROOT = iphoneos;
				SWIFT_ACTIVE_COMPILATION_CONDITIONS = DEBUG;
				SWIFT_OPTIMIZATION_LEVEL = "-Onone";
			};
			name = Debug;
		};
		47FC9BB7289E501F0084ACD5 /* Release */ = {
			isa = XCBuildConfiguration;
			buildSettings = {
				ALWAYS_SEARCH_USER_PATHS = NO;
				CLANG_ANALYZER_NONNULL = YES;
				CLANG_ANALYZER_NUMBER_OBJECT_CONVERSION = YES_AGGRESSIVE;
				CLANG_CXX_LANGUAGE_STANDARD = "gnu++20";
				CLANG_ENABLE_MODULES = YES;
				CLANG_ENABLE_OBJC_ARC = YES;
				CLANG_ENABLE_OBJC_WEAK = YES;
				CLANG_WARN_BLOCK_CAPTURE_AUTORELEASING = YES;
				CLANG_WARN_BOOL_CONVERSION = YES;
				CLANG_WARN_COMMA = YES;
				CLANG_WARN_CONSTANT_CONVERSION = YES;
				CLANG_WARN_DEPRECATED_OBJC_IMPLEMENTATIONS = YES;
				CLANG_WARN_DIRECT_OBJC_ISA_USAGE = YES_ERROR;
				CLANG_WARN_DOCUMENTATION_COMMENTS = YES;
				CLANG_WARN_EMPTY_BODY = YES;
				CLANG_WARN_ENUM_CONVERSION = YES;
				CLANG_WARN_INFINITE_RECURSION = YES;
				CLANG_WARN_INT_CONVERSION = YES;
				CLANG_WARN_NON_LITERAL_NULL_CONVERSION = YES;
				CLANG_WARN_OBJC_IMPLICIT_RETAIN_SELF = YES;
				CLANG_WARN_OBJC_LITERAL_CONVERSION = YES;
				CLANG_WARN_OBJC_ROOT_CLASS = YES_ERROR;
				CLANG_WARN_QUOTED_INCLUDE_IN_FRAMEWORK_HEADER = YES;
				CLANG_WARN_RANGE_LOOP_ANALYSIS = YES;
				CLANG_WARN_STRICT_PROTOTYPES = YES;
				CLANG_WARN_SUSPICIOUS_MOVE = YES;
				CLANG_WARN_UNGUARDED_AVAILABILITY = YES_AGGRESSIVE;
				CLANG_WARN_UNREACHABLE_CODE = YES;
				CLANG_WARN__DUPLICATE_METHOD_MATCH = YES;
				COPY_PHASE_STRIP = NO;
				DEBUG_INFORMATION_FORMAT = "dwarf-with-dsym";
				ENABLE_NS_ASSERTIONS = NO;
				ENABLE_STRICT_OBJC_MSGSEND = YES;
				GCC_C_LANGUAGE_STANDARD = gnu11;
				GCC_NO_COMMON_BLOCKS = YES;
				GCC_WARN_64_TO_32_BIT_CONVERSION = YES;
				GCC_WARN_ABOUT_RETURN_TYPE = YES_ERROR;
				GCC_WARN_UNDECLARED_SELECTOR = YES;
				GCC_WARN_UNINITIALIZED_AUTOS = YES_AGGRESSIVE;
				GCC_WARN_UNUSED_FUNCTION = YES;
				GCC_WARN_UNUSED_VARIABLE = YES;
				IPHONEOS_DEPLOYMENT_TARGET = 16.0;
				MTL_ENABLE_DEBUG_INFO = NO;
				MTL_FAST_MATH = YES;
				SDKROOT = iphoneos;
				SWIFT_COMPILATION_MODE = wholemodule;
				SWIFT_OPTIMIZATION_LEVEL = "-O";
				VALIDATE_PRODUCT = YES;
			};
			name = Release;
		};
		47FC9BB9289E501F0084ACD5 /* Debug */ = {
			isa = XCBuildConfiguration;
			buildSettings = {
				ASSETCATALOG_COMPILER_APPICON_NAME = AppIcon;
				ASSETCATALOG_COMPILER_GLOBAL_ACCENT_COLOR_NAME = AccentColor;
				CODE_SIGN_STYLE = Automatic;
				CURRENT_PROJECT_VERSION = 1;
				DEVELOPMENT_ASSET_PATHS = "\"UI-634/Preview Content\"";
				DEVELOPMENT_TEAM = 8CL4U468K5;
				ENABLE_PREVIEWS = YES;
				GENERATE_INFOPLIST_FILE = YES;
				INFOPLIST_FILE = "UI-634/Info.plist";
				INFOPLIST_KEY_LSApplicationCategoryType = "";
				INFOPLIST_KEY_UIApplicationSceneManifest_Generation = YES;
				INFOPLIST_KEY_UIApplicationSupportsIndirectInputEvents = YES;
				INFOPLIST_KEY_UILaunchScreen_Generation = YES;
				INFOPLIST_KEY_UISupportedInterfaceOrientations_iPad = "UIInterfaceOrientationPortrait UIInterfaceOrientationPortraitUpsideDown UIInterfaceOrientationLandscapeLeft UIInterfaceOrientationLandscapeRight";
				INFOPLIST_KEY_UISupportedInterfaceOrientations_iPhone = "UIInterfaceOrientationPortrait UIInterfaceOrientationLandscapeLeft UIInterfaceOrientationLandscapeRight";
				LD_RUNPATH_SEARCH_PATHS = (
					"$(inherited)",
					"@executable_path/Frameworks",
				);
				MARKETING_VERSION = 1.0;
				PRODUCT_BUNDLE_IDENTIFIER = "com.585.UI-634";
				PRODUCT_NAME = "$(TARGET_NAME)";
				SWIFT_EMIT_LOC_STRINGS = YES;
				SWIFT_VERSION = 5.0;
				TARGETED_DEVICE_FAMILY = "1,2";
			};
			name = Debug;
		};
		47FC9BBA289E501F0084ACD5 /* Release */ = {
			isa = XCBuildConfiguration;
			buildSettings = {
				ASSETCATALOG_COMPILER_APPICON_NAME = AppIcon;
				ASSETCATALOG_COMPILER_GLOBAL_ACCENT_COLOR_NAME = AccentColor;
				CODE_SIGN_STYLE = Automatic;
				CURRENT_PROJECT_VERSION = 1;
				DEVELOPMENT_ASSET_PATHS = "\"UI-634/Preview Content\"";
				DEVELOPMENT_TEAM = 8CL4U468K5;
				ENABLE_PREVIEWS = YES;
				GENERATE_INFOPLIST_FILE = YES;
				INFOPLIST_FILE = "UI-634/Info.plist";
				INFOPLIST_KEY_LSApplicationCategoryType = "";
				INFOPLIST_KEY_UIApplicationSceneManifest_Generation = YES;
				INFOPLIST_KEY_UIApplicationSupportsIndirectInputEvents = YES;
				INFOPLIST_KEY_UILaunchScreen_Generation = YES;
				INFOPLIST_KEY_UISupportedInterfaceOrientations_iPad = "UIInterfaceOrientationPortrait UIInterfaceOrientationPortraitUpsideDown UIInterfaceOrientationLandscapeLeft UIInterfaceOrientationLandscapeRight";
				INFOPLIST_KEY_UISupportedInterfaceOrientations_iPhone = "UIInterfaceOrientationPortrait UIInterfaceOrientationLandscapeLeft UIInterfaceOrientationLandscapeRight";
				LD_RUNPATH_SEARCH_PATHS = (
					"$(inherited)",
					"@executable_path/Frameworks",
				);
				MARKETING_VERSION = 1.0;
				PRODUCT_BUNDLE_IDENTIFIER = "com.585.UI-634";
				PRODUCT_NAME = "$(TARGET_NAME)";
				SWIFT_EMIT_LOC_STRINGS = YES;
				SWIFT_VERSION = 5.0;
				TARGETED_DEVICE_FAMILY = "1,2";
			};
			name = Release;
		};
		47FC9BBC289E501F0084ACD5 /* Debug */ = {
			isa = XCBuildConfiguration;
			buildSettings = {
				ALWAYS_EMBED_SWIFT_STANDARD_LIBRARIES = YES;
				BUNDLE_LOADER = "$(TEST_HOST)";
				CODE_SIGN_STYLE = Automatic;
				CURRENT_PROJECT_VERSION = 1;
				DEVELOPMENT_TEAM = 8CL4U468K5;
				GENERATE_INFOPLIST_FILE = YES;
				IPHONEOS_DEPLOYMENT_TARGET = 16.0;
				MARKETING_VERSION = 1.0;
				PRODUCT_BUNDLE_IDENTIFIER = "com.585.UI-634Tests";
				PRODUCT_NAME = "$(TARGET_NAME)";
				SWIFT_EMIT_LOC_STRINGS = NO;
				SWIFT_VERSION = 5.0;
				TARGETED_DEVICE_FAMILY = "1,2";
				TEST_HOST = "$(BUILT_PRODUCTS_DIR)/UI-634.app/$(BUNDLE_EXECUTABLE_FOLDER_PATH)/UI-634";
			};
			name = Debug;
		};
		47FC9BBD289E501F0084ACD5 /* Release */ = {
			isa = XCBuildConfiguration;
			buildSettings = {
				ALWAYS_EMBED_SWIFT_STANDARD_LIBRARIES = YES;
				BUNDLE_LOADER = "$(TEST_HOST)";
				CODE_SIGN_STYLE = Automatic;
				CURRENT_PROJECT_VERSION = 1;
				DEVELOPMENT_TEAM = 8CL4U468K5;
				GENERATE_INFOPLIST_FILE = YES;
				IPHONEOS_DEPLOYMENT_TARGET = 16.0;
				MARKETING_VERSION = 1.0;
				PRODUCT_BUNDLE_IDENTIFIER = "com.585.UI-634Tests";
				PRODUCT_NAME = "$(TARGET_NAME)";
				SWIFT_EMIT_LOC_STRINGS = NO;
				SWIFT_VERSION = 5.0;
				TARGETED_DEVICE_FAMILY = "1,2";
				TEST_HOST = "$(BUILT_PRODUCTS_DIR)/UI-634.app/$(BUNDLE_EXECUTABLE_FOLDER_PATH)/UI-634";
			};
			name = Release;
		};
		47FC9BBF289E501F0084ACD5 /* Debug */ = {
			isa = XCBuildConfiguration;
			buildSettings = {
				ALWAYS_EMBED_SWIFT_STANDARD_LIBRARIES = YES;
				CODE_SIGN_STYLE = Automatic;
				CURRENT_PROJECT_VERSION = 1;
				DEVELOPMENT_TEAM = 8CL4U468K5;
				GENERATE_INFOPLIST_FILE = YES;
				MARKETING_VERSION = 1.0;
				PRODUCT_BUNDLE_IDENTIFIER = "com.585.UI-634UITests";
				PRODUCT_NAME = "$(TARGET_NAME)";
				SWIFT_EMIT_LOC_STRINGS = NO;
				SWIFT_VERSION = 5.0;
				TARGETED_DEVICE_FAMILY = "1,2";
				TEST_TARGET_NAME = "UI-634";
			};
			name = Debug;
		};
		47FC9BC0289E501F0084ACD5 /* Release */ = {
			isa = XCBuildConfiguration;
			buildSettings = {
				ALWAYS_EMBED_SWIFT_STANDARD_LIBRARIES = YES;
				CODE_SIGN_STYLE = Automatic;
				CURRENT_PROJECT_VERSION = 1;
				DEVELOPMENT_TEAM = 8CL4U468K5;
				GENERATE_INFOPLIST_FILE = YES;
				MARKETING_VERSION = 1.0;
				PRODUCT_BUNDLE_IDENTIFIER = "com.585.UI-634UITests";
				PRODUCT_NAME = "$(TARGET_NAME)";
				SWIFT_EMIT_LOC_STRINGS = NO;
				SWIFT_VERSION = 5.0;
				TARGETED_DEVICE_FAMILY = "1,2";
				TEST_TARGET_NAME = "UI-634";
			};
			name = Release;
		};
/* End XCBuildConfiguration section */

/* Begin XCConfigurationList section */
		47FC9B8F289E501E0084ACD5 /* Build configuration list for PBXProject "UI-634" */ = {
			isa = XCConfigurationList;
			buildConfigurations = (
				47FC9BB6289E501F0084ACD5 /* Debug */,
				47FC9BB7289E501F0084ACD5 /* Release */,
			);
			defaultConfigurationIsVisible = 0;
			defaultConfigurationName = Release;
		};
		47FC9BB8289E501F0084ACD5 /* Build configuration list for PBXNativeTarget "UI-634" */ = {
			isa = XCConfigurationList;
			buildConfigurations = (
				47FC9BB9289E501F0084ACD5 /* Debug */,
				47FC9BBA289E501F0084ACD5 /* Release */,
			);
			defaultConfigurationIsVisible = 0;
			defaultConfigurationName = Release;
		};
		47FC9BBB289E501F0084ACD5 /* Build configuration list for PBXNativeTarget "UI-634Tests" */ = {
			isa = XCConfigurationList;
			buildConfigurations = (
				47FC9BBC289E501F0084ACD5 /* Debug */,
				47FC9BBD289E501F0084ACD5 /* Release */,
			);
			defaultConfigurationIsVisible = 0;
			defaultConfigurationName = Release;
		};
		47FC9BBE289E501F0084ACD5 /* Build configuration list for PBXNativeTarget "UI-634UITests" */ = {
			isa = XCConfigurationList;
			buildConfigurations = (
				47FC9BBF289E501F0084ACD5 /* Debug */,
				47FC9BC0289E501F0084ACD5 /* Release */,
			);
			defaultConfigurationIsVisible = 0;
			defaultConfigurationName = Release;
		};
/* End XCConfigurationList section */
	};
	rootObject = 47FC9B8C289E501E0084ACD5 /* Project object */;
}
